
Microsoft Visual Studio Solution File, Format Version 12.00
# Visual Studio Version 17
VisualStudioVersion = 17.4.33213.308
MinimumVisualStudioVersion = 10.0.40219.1
Project("{9A19103F-16F7-4668-BE54-9A1E7A4F7556}") = "Module81-82", "Module8\Module81-82.csproj", "{263272F0-94B0-419F-AE97-9107D6DA94A9}"
EndProject
Project("{FAE04EC0-301F-11D3-BF4B-00C04F79EFBC}") = "Module83", "Module83\Module83.csproj", "{BB7206CA-174A-4A43-8DF4-5F577BB68F03}"
EndProject
Project("{FAE04EC0-301F-11D3-BF4B-00C04F79EFBC}") = "FinalTask1", "FinalTask1\FinalTask1.csproj", "{75D1A1E4-115C-4393-97CC-DDDB2DD1F65A}"
EndProject
Global
	GlobalSection(SolutionConfigurationPlatforms) = preSolution
		Debug|Any CPU = Debug|Any CPU
		Release|Any CPU = Release|Any CPU
	EndGlobalSection
	GlobalSection(ProjectConfigurationPlatforms) = postSolution
		{263272F0-94B0-419F-AE97-9107D6DA94A9}.Debug|Any CPU.ActiveCfg = Debug|Any CPU
		{263272F0-94B0-419F-AE97-9107D6DA94A9}.Debug|Any CPU.Build.0 = Debug|Any CPU
		{263272F0-94B0-419F-AE97-9107D6DA94A9}.Release|Any CPU.ActiveCfg = Release|Any CPU
		{263272F0-94B0-419F-AE97-9107D6DA94A9}.Release|Any CPU.Build.0 = Release|Any CPU
		{BB7206CA-174A-4A43-8DF4-5F577BB68F03}.Debug|Any CPU.ActiveCfg = Debug|Any CPU
		{BB7206CA-174A-4A43-8DF4-5F577BB68F03}.Debug|Any CPU.Build.0 = Debug|Any CPU
		{BB7206CA-174A-4A43-8DF4-5F577BB68F03}.Release|Any CPU.ActiveCfg = Release|Any CPU
		{BB7206CA-174A-4A43-8DF4-5F577BB68F03}.Release|Any CPU.Build.0 = Release|Any CPU
		{75D1A1E4-115C-4393-97CC-DDDB2DD1F65A}.Debug|Any CPU.ActiveCfg = Debug|Any CPU
		{75D1A1E4-115C-4393-97CC-DDDB2DD1F65A}.Debug|Any CPU.Build.0 = Debug|Any CPU
		{75D1A1E4-115C-4393-97CC-DDDB2DD1F65A}.Release|Any CPU.ActiveCfg = Release|Any CPU
		{75D1A1E4-115C-4393-97CC-DDDB2DD1F65A}.Release|Any CPU.Build.0 = Release|Any CPU
	EndGlobalSection
	GlobalSection(SolutionProperties) = preSolution
		HideSolutionNode = FALSE
	EndGlobalSection
	GlobalSection(ExtensibilityGlobals) = postSolution
		SolutionGuid = {7FB6FD7E-72FA-40AB-AAE4-35C13B26CFFC}
	EndGlobalSection
EndGlobal
